// !$*UTF8*$!
{
	archiveVersion = 1;
	classes = {
	};
	objectVersion = 46;
	objects = {

/* Begin PBXBuildFile section */
		221D057E1DC12D4F00721CD8 /* AppDelegate.swift in Sources */ = {isa = PBXBuildFile; fileRef = 221D057D1DC12D4F00721CD8 /* AppDelegate.swift */; };
		221D05801DC12D4F00721CD8 /* ViewController.swift in Sources */ = {isa = PBXBuildFile; fileRef = 221D057F1DC12D4F00721CD8 /* ViewController.swift */; };
		221D05831DC12D4F00721CD8 /* Main.storyboard in Resources */ = {isa = PBXBuildFile; fileRef = 221D05811DC12D4F00721CD8 /* Main.storyboard */; };
		221D05851DC12D4F00721CD8 /* Assets.xcassets in Resources */ = {isa = PBXBuildFile; fileRef = 221D05841DC12D4F00721CD8 /* Assets.xcassets */; };
		221D05881DC12D4F00721CD8 /* LaunchScreen.storyboard in Resources */ = {isa = PBXBuildFile; fileRef = 221D05861DC12D4F00721CD8 /* LaunchScreen.storyboard */; };
		221D05931DC12D4F00721CD8 /* SelfigramTests.swift in Sources */ = {isa = PBXBuildFile; fileRef = 221D05921DC12D4F00721CD8 /* SelfigramTests.swift */; };
		221D059E1DC12D4F00721CD8 /* SelfigramUITests.swift in Sources */ = {isa = PBXBuildFile; fileRef = 221D059D1DC12D4F00721CD8 /* SelfigramUITests.swift */; };
/* End PBXBuildFile section */

/* Begin PBXContainerItemProxy section */
		221D058F1DC12D4F00721CD8 /* PBXContainerItemProxy */ = {
			isa = PBXContainerItemProxy;
			containerPortal = 221D05721DC12D4F00721CD8 /* Project object */;
			proxyType = 1;
			remoteGlobalIDString = 221D05791DC12D4F00721CD8;
			remoteInfo = Selfigram;
		};
		221D059A1DC12D4F00721CD8 /* PBXContainerItemProxy */ = {
			isa = PBXContainerItemProxy;
			containerPortal = 221D05721DC12D4F00721CD8 /* Project object */;
			proxyType = 1;
			remoteGlobalIDString = 221D05791DC12D4F00721CD8;
			remoteInfo = Selfigram;
		};
/* End PBXContainerItemProxy section */

/* Begin PBXFileReference section */
		221D057A1DC12D4F00721CD8 /* Selfigram.app */ = {isa = PBXFileReference; explicitFileType = wrapper.application; includeInIndex = 0; path = Selfigram.app; sourceTree = BUILT_PRODUCTS_DIR; };
		221D057D1DC12D4F00721CD8 /* AppDelegate.swift */ = {isa = PBXFileReference; lastKnownFileType = sourcecode.swift; path = AppDelegate.swift; sourceTree = "<group>"; };
		221D057F1DC12D4F00721CD8 /* ViewController.swift */ = {isa = PBXFileReference; lastKnownFileType = sourcecode.swift; path = ViewController.swift; sourceTree = "<group>"; };
		221D05821DC12D4F00721CD8 /* Base */ = {isa = PBXFileReference; lastKnownFileType = file.storyboard; name = Base; path = Base.lproj/Main.storyboard; sourceTree = "<group>"; };
		221D05841DC12D4F00721CD8 /* Assets.xcassets */ = {isa = PBXFileReference; lastKnownFileType = folder.assetcatalog; path = Assets.xcassets; sourceTree = "<group>"; };
		221D05871DC12D4F00721CD8 /* Base */ = {isa = PBXFileReference; lastKnownFileType = file.storyboard; name = Base; path = Base.lproj/LaunchScreen.storyboard; sourceTree = "<group>"; };
		221D05891DC12D4F00721CD8 /* Info.plist */ = {isa = PBXFileReference; lastKnownFileType = text.plist.xml; path = Info.plist; sourceTree = "<group>"; };
		221D058E1DC12D4F00721CD8 /* SelfigramTests.xctest */ = {isa = PBXFileReference; explicitFileType = wrapper.cfbundle; includeInIndex = 0; path = SelfigramTests.xctest; sourceTree = BUILT_PRODUCTS_DIR; };
		221D05921DC12D4F00721CD8 /* SelfigramTests.swift */ = {isa = PBXFileReference; lastKnownFileType = sourcecode.swift; path = SelfigramTests.swift; sourceTree = "<group>"; };
		221D05941DC12D4F00721CD8 /* Info.plist */ = {isa = PBXFileReference; lastKnownFileType = text.plist.xml; path = Info.plist; sourceTree = "<group>"; };
		221D05991DC12D4F00721CD8 /* SelfigramUITests.xctest */ = {isa = PBXFileReference; explicitFileType = wrapper.cfbundle; includeInIndex = 0; path = SelfigramUITests.xctest; sourceTree = BUILT_PRODUCTS_DIR; };
		221D059D1DC12D4F00721CD8 /* SelfigramUITests.swift */ = {isa = PBXFileReference; lastKnownFileType = sourcecode.swift; path = SelfigramUITests.swift; sourceTree = "<group>"; };
		221D059F1DC12D4F00721CD8 /* Info.plist */ = {isa = PBXFileReference; lastKnownFileType = text.plist.xml; path = Info.plist; sourceTree = "<group>"; };
/* End PBXFileReference section */

/* Begin PBXFrameworksBuildPhase section */
		221D05771DC12D4F00721CD8 /* Frameworks */ = {
			isa = PBXFrameworksBuildPhase;
			buildActionMask = 2147483647;
			files = (
			);
			runOnlyForDeploymentPostprocessing = 0;
		};
		221D058B1DC12D4F00721CD8 /* Frameworks */ = {
			isa = PBXFrameworksBuildPhase;
			buildActionMask = 2147483647;
			files = (
			);
			runOnlyForDeploymentPostprocessing = 0;
		};
		221D05961DC12D4F00721CD8 /* Frameworks */ = {
			isa = PBXFrameworksBuildPhase;
			buildActionMask = 2147483647;
			files = (
			);
			runOnlyForDeploymentPostprocessing = 0;
		};
/* End PBXFrameworksBuildPhase section */

/* Begin PBXGroup section */
		221D05711DC12D4F00721CD8 = {
			isa = PBXGroup;
			children = (
				221D057C1DC12D4F00721CD8 /* Selfigram */,
				221D05911DC12D4F00721CD8 /* SelfigramTests */,
				221D059C1DC12D4F00721CD8 /* SelfigramUITests */,
				221D057B1DC12D4F00721CD8 /* Products */,
			);
			sourceTree = "<group>";
		};
		221D057B1DC12D4F00721CD8 /* Products */ = {
			isa = PBXGroup;
			children = (
				221D057A1DC12D4F00721CD8 /* Selfigram.app */,
				221D058E1DC12D4F00721CD8 /* SelfigramTests.xctest */,
				221D05991DC12D4F00721CD8 /* SelfigramUITests.xctest */,
			);
			name = Products;
			sourceTree = "<group>";
		};
		221D057C1DC12D4F00721CD8 /* Selfigram */ = {
			isa = PBXGroup;
			children = (
				221D057D1DC12D4F00721CD8 /* AppDelegate.swift */,
				221D057F1DC12D4F00721CD8 /* ViewController.swift */,
				221D05811DC12D4F00721CD8 /* Main.storyboard */,
				221D05841DC12D4F00721CD8 /* Assets.xcassets */,
				221D05861DC12D4F00721CD8 /* LaunchScreen.storyboard */,
				221D05891DC12D4F00721CD8 /* Info.plist */,
			);
			path = Selfigram;
			sourceTree = "<group>";
		};
		221D05911DC12D4F00721CD8 /* SelfigramTests */ = {
			isa = PBXGroup;
			children = (
				221D05921DC12D4F00721CD8 /* SelfigramTests.swift */,
				221D05941DC12D4F00721CD8 /* Info.plist */,
			);
			path = SelfigramTests;
			sourceTree = "<group>";
		};
		221D059C1DC12D4F00721CD8 /* SelfigramUITests */ = {
			isa = PBXGroup;
			children = (
				221D059D1DC12D4F00721CD8 /* SelfigramUITests.swift */,
				221D059F1DC12D4F00721CD8 /* Info.plist */,
			);
			path = SelfigramUITests;
			sourceTree = "<group>";
		};
/* End PBXGroup section */

/* Begin PBXNativeTarget section */
		221D05791DC12D4F00721CD8 /* Selfigram */ = {
			isa = PBXNativeTarget;
			buildConfigurationList = 221D05A21DC12D4F00721CD8 /* Build configuration list for PBXNativeTarget "Selfigram" */;
			buildPhases = (
				221D05761DC12D4F00721CD8 /* Sources */,
				221D05771DC12D4F00721CD8 /* Frameworks */,
				221D05781DC12D4F00721CD8 /* Resources */,
			);
			buildRules = (
			);
			dependencies = (
			);
			name = Selfigram;
			productName = Selfigram;
			productReference = 221D057A1DC12D4F00721CD8 /* Selfigram.app */;
			productType = "com.apple.product-type.application";
		};
		221D058D1DC12D4F00721CD8 /* SelfigramTests */ = {
			isa = PBXNativeTarget;
			buildConfigurationList = 221D05A51DC12D4F00721CD8 /* Build configuration list for PBXNativeTarget "SelfigramTests" */;
			buildPhases = (
				221D058A1DC12D4F00721CD8 /* Sources */,
				221D058B1DC12D4F00721CD8 /* Frameworks */,
				221D058C1DC12D4F00721CD8 /* Resources */,
			);
			buildRules = (
			);
			dependencies = (
				221D05901DC12D4F00721CD8 /* PBXTargetDependency */,
			);
			name = SelfigramTests;
			productName = SelfigramTests;
			productReference = 221D058E1DC12D4F00721CD8 /* SelfigramTests.xctest */;
			productType = "com.apple.product-type.bundle.unit-test";
		};
		221D05981DC12D4F00721CD8 /* SelfigramUITests */ = {
			isa = PBXNativeTarget;
			buildConfigurationList = 221D05A81DC12D4F00721CD8 /* Build configuration list for PBXNativeTarget "SelfigramUITests" */;
			buildPhases = (
				221D05951DC12D4F00721CD8 /* Sources */,
				221D05961DC12D4F00721CD8 /* Frameworks */,
				221D05971DC12D4F00721CD8 /* Resources */,
			);
			buildRules = (
			);
			dependencies = (
				221D059B1DC12D4F00721CD8 /* PBXTargetDependency */,
			);
			name = SelfigramUITests;
			productName = SelfigramUITests;
			productReference = 221D05991DC12D4F00721CD8 /* SelfigramUITests.xctest */;
			productType = "com.apple.product-type.bundle.ui-testing";
		};
/* End PBXNativeTarget section */

/* Begin PBXProject section */
		221D05721DC12D4F00721CD8 /* Project object */ = {
			isa = PBXProject;
			attributes = {
				LastSwiftUpdateCheck = 0800;
				LastUpgradeCheck = 0800;
				ORGANIZATIONNAME = "Sam Meech-Ward";
				TargetAttributes = {
					221D05791DC12D4F00721CD8 = {
						CreatedOnToolsVersion = 8.0;
						ProvisioningStyle = Automatic;
					};
					221D058D1DC12D4F00721CD8 = {
						CreatedOnToolsVersion = 8.0;
						ProvisioningStyle = Automatic;
						TestTargetID = 221D05791DC12D4F00721CD8;
					};
					221D05981DC12D4F00721CD8 = {
						CreatedOnToolsVersion = 8.0;
						ProvisioningStyle = Automatic;
						TestTargetID = 221D05791DC12D4F00721CD8;
					};
				};
			};
			buildConfigurationList = 221D05751DC12D4F00721CD8 /* Build configuration list for PBXProject "Selfigram" */;
			compatibilityVersion = "Xcode 3.2";
			developmentRegion = English;
			hasScannedForEncodings = 0;
			knownRegions = (
				en,
				Base,
			);
			mainGroup = 221D05711DC12D4F00721CD8;
			productRefGroup = 221D057B1DC12D4F00721CD8 /* Products */;
			projectDirPath = "";
			projectRoot = "";
			targets = (
				221D05791DC12D4F00721CD8 /* Selfigram */,
				221D058D1DC12D4F00721CD8 /* SelfigramTests */,
				221D05981DC12D4F00721CD8 /* SelfigramUITests */,
			);
		};
/* End PBXProject section */

/* Begin PBXResourcesBuildPhase section */
		221D05781DC12D4F00721CD8 /* Resources */ = {
			isa = PBXResourcesBuildPhase;
			buildActionMask = 2147483647;
			files = (
				221D05881DC12D4F00721CD8 /* LaunchScreen.storyboard in Resources */,
				221D05851DC12D4F00721CD8 /* Assets.xcassets in Resources */,
				221D05831DC12D4F00721CD8 /* Main.storyboard in Resources */,
			);
			runOnlyForDeploymentPostprocessing = 0;
		};
		221D058C1DC12D4F00721CD8 /* Resources */ = {
			isa = PBXResourcesBuildPhase;
			buildActionMask = 2147483647;
			files = (
			);
			runOnlyForDeploymentPostprocessing = 0;
		};
		221D05971DC12D4F00721CD8 /* Resources */ = {
			isa = PBXResourcesBuildPhase;
			buildActionMask = 2147483647;
			files = (
			);
			runOnlyForDeploymentPostprocessing = 0;
		};
/* End PBXResourcesBuildPhase section */

/* Begin PBXSourcesBuildPhase section */
		221D05761DC12D4F00721CD8 /* Sources */ = {
			isa = PBXSourcesBuildPhase;
			buildActionMask = 2147483647;
			files = (
				221D05801DC12D4F00721CD8 /* ViewController.swift in Sources */,
				221D057E1DC12D4F00721CD8 /* AppDelegate.swift in Sources */,
			);
			runOnlyForDeploymentPostprocessing = 0;
		};
		221D058A1DC12D4F00721CD8 /* Sources */ = {
			isa = PBXSourcesBuildPhase;
			buildActionMask = 2147483647;
			files = (
				221D05931DC12D4F00721CD8 /* SelfigramTests.swift in Sources */,
			);
			runOnlyForDeploymentPostprocessing = 0;
		};
		221D05951DC12D4F00721CD8 /* Sources */ = {
			isa = PBXSourcesBuildPhase;
			buildActionMask = 2147483647;
			files = (
				221D059E1DC12D4F00721CD8 /* SelfigramUITests.swift in Sources */,
			);
			runOnlyForDeploymentPostprocessing = 0;
		};
/* End PBXSourcesBuildPhase section */

/* Begin PBXTargetDependency section */
		221D05901DC12D4F00721CD8 /* PBXTargetDependency */ = {
			isa = PBXTargetDependency;
			target = 221D05791DC12D4F00721CD8 /* Selfigram */;
			targetProxy = 221D058F1DC12D4F00721CD8 /* PBXContainerItemProxy */;
		};
		221D059B1DC12D4F00721CD8 /* PBXTargetDependency */ = {
			isa = PBXTargetDependency;
			target = 221D05791DC12D4F00721CD8 /* Selfigram */;
			targetProxy = 221D059A1DC12D4F00721CD8 /* PBXContainerItemProxy */;
		};
/* End PBXTargetDependency section */

/* Begin PBXVariantGroup section */
		221D05811DC12D4F00721CD8 /* Main.storyboard */ = {
			isa = PBXVariantGroup;
			children = (
				221D05821DC12D4F00721CD8 /* Base */,
			);
			name = Main.storyboard;
			sourceTree = "<group>";
		};
		221D05861DC12D4F00721CD8 /* LaunchScreen.storyboard */ = {
			isa = PBXVariantGroup;
			children = (
				221D05871DC12D4F00721CD8 /* Base */,
			);
			name = LaunchScreen.storyboard;
			sourceTree = "<group>";
		};
/* End PBXVariantGroup section */

/* Begin XCBuildConfiguration section */
		221D05A01DC12D4F00721CD8 /* Debug */ = {
			isa = XCBuildConfiguration;
			buildSettings = {
				ALWAYS_SEARCH_USER_PATHS = NO;
				CLANG_ANALYZER_NONNULL = YES;
				CLANG_CXX_LANGUAGE_STANDARD = "gnu++0x";
				CLANG_CXX_LIBRARY = "libc++";
				CLANG_ENABLE_MODULES = YES;
				CLANG_ENABLE_OBJC_ARC = YES;
				CLANG_WARN_BOOL_CONVERSION = YES;
				CLANG_WARN_CONSTANT_CONVERSION = YES;
				CLANG_WARN_DIRECT_OBJC_ISA_USAGE = YES_ERROR;
				CLANG_WARN_DOCUMENTATION_COMMENTS = YES;
				CLANG_WARN_EMPTY_BODY = YES;
				CLANG_WARN_ENUM_CONVERSION = YES;
				CLANG_WARN_INFINITE_RECURSION = YES;
				CLANG_WARN_INT_CONVERSION = YES;
				CLANG_WARN_OBJC_ROOT_CLASS = YES_ERROR;
				CLANG_WARN_SUSPICIOUS_MOVES = YES;
				CLANG_WARN_UNREACHABLE_CODE = YES;
				CLANG_WARN__DUPLICATE_METHOD_MATCH = YES;
				"CODE_SIGN_IDENTITY[sdk=iphoneos*]" = "iPhone Developer";
				COPY_PHASE_STRIP = NO;
				DEBUG_INFORMATION_FORMAT = dwarf;
				ENABLE_STRICT_OBJC_MSGSEND = YES;
				ENABLE_TESTABILITY = YES;
				GCC_C_LANGUAGE_STANDARD = gnu99;
				GCC_DYNAMIC_NO_PIC = NO;
				GCC_NO_COMMON_BLOCKS = YES;
				GCC_OPTIMIZATION_LEVEL = 0;
				GCC_PREPROCESSOR_DEFINITIONS = (
					"DEBUG=1",
					"$(inherited)",
				);
				GCC_WARN_64_TO_32_BIT_CONVERSION = YES;
				GCC_WARN_ABOUT_RETURN_TYPE = YES_ERROR;
				GCC_WARN_UNDECLARED_SELECTOR = YES;
				GCC_WARN_UNINITIALIZED_AUTOS = YES_AGGRESSIVE;
				GCC_WARN_UNUSED_FUNCTION = YES;
				GCC_WARN_UNUSED_VARIABLE = YES;
				IPHONEOS_DEPLOYMENT_TARGET = 10.0;
				MTL_ENABLE_DEBUG_INFO = YES;
				ONLY_ACTIVE_ARCH = YES;
				SDKROOT = iphoneos;
				SWIFT_ACTIVE_COMPILATION_CONDITIONS = DEBUG;
				SWIFT_OPTIMIZATION_LEVEL = "-Onone";
			};
			name = Debug;
		};
		221D05A11DC12D4F00721CD8 /* Release */ = {
			isa = XCBuildConfiguration;
			buildSettings = {
				ALWAYS_SEARCH_USER_PATHS = NO;
				CLANG_ANALYZER_NONNULL = YES;
				CLANG_CXX_LANGUAGE_STANDARD = "gnu++0x";
				CLANG_CXX_LIBRARY = "libc++";
				CLANG_ENABLE_MODULES = YES;
				CLANG_ENABLE_OBJC_ARC = YES;
				CLANG_WARN_BOOL_CONVERSION = YES;
				CLANG_WARN_CONSTANT_CONVERSION = YES;
				CLANG_WARN_DIRECT_OBJC_ISA_USAGE = YES_ERROR;
				CLANG_WARN_DOCUMENTATION_COMMENTS = YES;
				CLANG_WARN_EMPTY_BODY = YES;
				CLANG_WARN_ENUM_CONVERSION = YES;
				CLANG_WARN_INFINITE_RECURSION = YES;
				CLANG_WARN_INT_CONVERSION = YES;
				CLANG_WARN_OBJC_ROOT_CLASS = YES_ERROR;
				CLANG_WARN_SUSPICIOUS_MOVES = YES;
				CLANG_WARN_UNREACHABLE_CODE = YES;
				CLANG_WARN__DUPLICATE_METHOD_MATCH = YES;
				"CODE_SIGN_IDENTITY[sdk=iphoneos*]" = "iPhone Developer";
				COPY_PHASE_STRIP = NO;
				DEBUG_INFORMATION_FORMAT = "dwarf-with-dsym";
				ENABLE_NS_ASSERTIONS = NO;
				ENABLE_STRICT_OBJC_MSGSEND = YES;
				GCC_C_LANGUAGE_STANDARD = gnu99;
				GCC_NO_COMMON_BLOCKS = YES;
				GCC_WARN_64_TO_32_BIT_CONVERSION = YES;
				GCC_WARN_ABOUT_RETURN_TYPE = YES_ERROR;
				GCC_WARN_UNDECLARED_SELECTOR = YES;
				GCC_WARN_UNINITIALIZED_AUTOS = YES_AGGRESSIVE;
				GCC_WARN_UNUSED_FUNCTION = YES;
				GCC_WARN_UNUSED_VARIABLE = YES;
				IPHONEOS_DEPLOYMENT_TARGET = 10.0;
				MTL_ENABLE_DEBUG_INFO = NO;
				SDKROOT = iphoneos;
				SWIFT_OPTIMIZATION_LEVEL = "-Owholemodule";
				VALIDATE_PRODUCT = YES;
			};
			name = Release;
		};
		221D05A31DC12D4F00721CD8 /* Debug */ = {
			isa = XCBuildConfiguration;
			buildSettings = {
				ASSETCATALOG_COMPILER_APPICON_NAME = AppIcon;
				INFOPLIST_FILE = Selfigram/Info.plist;
				LD_RUNPATH_SEARCH_PATHS = "$(inherited) @executable_path/Frameworks";
				PRODUCT_BUNDLE_IDENTIFIER = "com.meech-ward.test.Selfigram";
				PRODUCT_NAME = "$(TARGET_NAME)";
				SWIFT_VERSION = 3.0;
			};
			name = Debug;
		};
		221D05A41DC12D4F00721CD8 /* Release */ = {
			isa = XCBuildConfiguration;
			buildSettings = {
				ASSETCATALOG_COMPILER_APPICON_NAME = AppIcon;
				INFOPLIST_FILE = Selfigram/Info.plist;
				LD_RUNPATH_SEARCH_PATHS = "$(inherited) @executable_path/Frameworks";
				PRODUCT_BUNDLE_IDENTIFIER = "com.meech-ward.test.Selfigram";
				PRODUCT_NAME = "$(TARGET_NAME)";
				SWIFT_VERSION = 3.0;
			};
			name = Release;
		};
		221D05A61DC12D4F00721CD8 /* Debug */ = {
			isa = XCBuildConfiguration;
			buildSettings = {
				ALWAYS_EMBED_SWIFT_STANDARD_LIBRARIES = YES;
				BUNDLE_LOADER = "$(TEST_HOST)";
				INFOPLIST_FILE = SelfigramTests/Info.plist;
				LD_RUNPATH_SEARCH_PATHS = "$(inherited) @executable_path/Frameworks @loader_path/Frameworks";
				PRODUCT_BUNDLE_IDENTIFIER = "com.meech-ward.test.SelfigramTests";
				PRODUCT_NAME = "$(TARGET_NAME)";
				SWIFT_VERSION = 3.0;
				TEST_HOST = "$(BUILT_PRODUCTS_DIR)/Selfigram.app/Selfigram";
			};
			name = Debug;
		};
		221D05A71DC12D4F00721CD8 /* Release */ = {
			isa = XCBuildConfiguration;
			buildSettings = {
				ALWAYS_EMBED_SWIFT_STANDARD_LIBRARIES = YES;
				BUNDLE_LOADER = "$(TEST_HOST)";
				INFOPLIST_FILE = SelfigramTests/Info.plist;
				LD_RUNPATH_SEARCH_PATHS = "$(inherited) @executable_path/Frameworks @loader_path/Frameworks";
				PRODUCT_BUNDLE_IDENTIFIER = "com.meech-ward.test.SelfigramTests";
				PRODUCT_NAME = "$(TARGET_NAME)";
				SWIFT_VERSION = 3.0;
				TEST_HOST = "$(BUILT_PRODUCTS_DIR)/Selfigram.app/Selfigram";
			};
			name = Release;
		};
		221D05A91DC12D4F00721CD8 /* Debug */ = {
			isa = XCBuildConfiguration;
			buildSettings = {
				ALWAYS_EMBED_SWIFT_STANDARD_LIBRARIES = YES;
				INFOPLIST_FILE = SelfigramUITests/Info.plist;
				LD_RUNPATH_SEARCH_PATHS = "$(inherited) @executable_path/Frameworks @loader_path/Frameworks";
				PRODUCT_BUNDLE_IDENTIFIER = "com.meech-ward.test.SelfigramUITests";
				PRODUCT_NAME = "$(TARGET_NAME)";
				SWIFT_VERSION = 3.0;
				TEST_TARGET_NAME = Selfigram;
			};
			name = Debug;
		};
		221D05AA1DC12D4F00721CD8 /* Release */ = {
			isa = XCBuildConfiguration;
			buildSettings = {
				ALWAYS_EMBED_SWIFT_STANDARD_LIBRARIES = YES;
				INFOPLIST_FILE = SelfigramUITests/Info.plist;
				LD_RUNPATH_SEARCH_PATHS = "$(inherited) @executable_path/Frameworks @loader_path/Frameworks";
				PRODUCT_BUNDLE_IDENTIFIER = "com.meech-ward.test.SelfigramUITests";
				PRODUCT_NAME = "$(TARGET_NAME)";
				SWIFT_VERSION = 3.0;
				TEST_TARGET_NAME = Selfigram;
			};
			name = Release;
		};
/* End XCBuildConfiguration section */

/* Begin XCConfigurationList section */
		221D05751DC12D4F00721CD8 /* Build configuration list for PBXProject "Selfigram" */ = {
			isa = XCConfigurationList;
			buildConfigurations = (
				221D05A01DC12D4F00721CD8 /* Debug */,
				221D05A11DC12D4F00721CD8 /* Release */,
			);
			defaultConfigurationIsVisible = 0;
			defaultConfigurationName = Release;
		};
		221D05A21DC12D4F00721CD8 /* Build configuration list for PBXNativeTarget "Selfigram" */ = {
			isa = XCConfigurationList;
			buildConfigurations = (
				221D05A31DC12D4F00721CD8 /* Debug */,
				221D05A41DC12D4F00721CD8 /* Release */,
			);
			defaultConfigurationIsVisible = 0;
		};
		221D05A51DC12D4F00721CD8 /* Build configuration list for PBXNativeTarget "SelfigramTests" */ = {
			isa = XCConfigurationList;
			buildConfigurations = (
				221D05A61DC12D4F00721CD8 /* Debug */,
				221D05A71DC12D4F00721CD8 /* Release */,
			);
			defaultConfigurationIsVisible = 0;
		};
		221D05A81DC12D4F00721CD8 /* Build configuration list for PBXNativeTarget "SelfigramUITests" */ = {
			isa = XCConfigurationList;
			buildConfigurations = (
				221D05A91DC12D4F00721CD8 /* Debug */,
				221D05AA1DC12D4F00721CD8 /* Release */,
			);
			defaultConfigurationIsVisible = 0;
		};
/* End XCConfigurationList section */
	};
	rootObject = 221D05721DC12D4F00721CD8 /* Project object */;
}
